
Microsoft Visual Studio Solution File, Format Version 12.00
# Visual Studio Version 16
VisualStudioVersion = 16.0.31112.23
MinimumVisualStudioVersion = 10.0.40219.1
Project("{9A19103F-16F7-4668-BE54-9A1E7A4F7556}") = "DVRP.Simulaton", "Core\Simulaton\DVRP.Simulaton.csproj", "{78324027-D89D-4352-8185-A833FFF24714}"
EndProject
Project("{9A19103F-16F7-4668-BE54-9A1E7A4F7556}") = "DVRP.Communication", "Core\DVRP.Communication\DVRP.Communication.csproj", "{1C49E5ED-4E13-4E2D-95F9-B5C1FDF714B5}"
EndProject
Project("{9A19103F-16F7-4668-BE54-9A1E7A4F7556}") = "DVRP.Domain", "Core\DVRP.Domain\DVRP.Domain.csproj", "{29DCFF8D-3DC5-47CB-8E4F-16336CAC910D}"
EndProject
Project("{9A19103F-16F7-4668-BE54-9A1E7A4F7556}") = "DVRP.Optimizer", "Core\DVRP.Optimizer\DVRP.Optimizer.csproj", "{6D1A4CFF-49F3-4E5F-B789-13201D5E4B7F}"
EndProject
Project("{FAE04EC0-301F-11D3-BF4B-00C04F79EFBC}") = "DynamicInstanceGenerator", "DynamicInstanceGenerator\DynamicInstanceGenerator.csproj", "{FA81C296-9FA7-4F13-8B23-434E593F1EE7}"
EndProject
Global
	GlobalSection(SolutionConfigurationPlatforms) = preSolution
		Debug|Any CPU = Debug|Any CPU
		Release|Any CPU = Release|Any CPU
	EndGlobalSection
	GlobalSection(ProjectConfigurationPlatforms) = postSolution
		{78324027-D89D-4352-8185-A833FFF24714}.Debug|Any CPU.ActiveCfg = Debug|Any CPU
		{78324027-D89D-4352-8185-A833FFF24714}.Debug|Any CPU.Build.0 = Debug|Any CPU
		{78324027-D89D-4352-8185-A833FFF24714}.Release|Any CPU.ActiveCfg = Release|Any CPU
		{78324027-D89D-4352-8185-A833FFF24714}.Release|Any CPU.Build.0 = Release|Any CPU
		{1C49E5ED-4E13-4E2D-95F9-B5C1FDF714B5}.Debug|Any CPU.ActiveCfg = Debug|Any CPU
		{1C49E5ED-4E13-4E2D-95F9-B5C1FDF714B5}.Debug|Any CPU.Build.0 = Debug|Any CPU
		{1C49E5ED-4E13-4E2D-95F9-B5C1FDF714B5}.Release|Any CPU.ActiveCfg = Release|Any CPU
		{1C49E5ED-4E13-4E2D-95F9-B5C1FDF714B5}.Release|Any CPU.Build.0 = Release|Any CPU
		{29DCFF8D-3DC5-47CB-8E4F-16336CAC910D}.Debug|Any CPU.ActiveCfg = Debug|Any CPU
		{29DCFF8D-3DC5-47CB-8E4F-16336CAC910D}.Debug|Any CPU.Build.0 = Debug|Any CPU
		{29DCFF8D-3DC5-47CB-8E4F-16336CAC910D}.Release|Any CPU.ActiveCfg = Release|Any CPU
		{29DCFF8D-3DC5-47CB-8E4F-16336CAC910D}.Release|Any CPU.Build.0 = Release|Any CPU
		{6D1A4CFF-49F3-4E5F-B789-13201D5E4B7F}.Debug|Any CPU.ActiveCfg = Debug|Any CPU
		{6D1A4CFF-49F3-4E5F-B789-13201D5E4B7F}.Debug|Any CPU.Build.0 = Debug|Any CPU
		{6D1A4CFF-49F3-4E5F-B789-13201D5E4B7F}.Release|Any CPU.ActiveCfg = Release|Any CPU
		{6D1A4CFF-49F3-4E5F-B789-13201D5E4B7F}.Release|Any CPU.Build.0 = Release|Any CPU
		{FA81C296-9FA7-4F13-8B23-434E593F1EE7}.Debug|Any CPU.ActiveCfg = Debug|Any CPU
		{FA81C296-9FA7-4F13-8B23-434E593F1EE7}.Debug|Any CPU.Build.0 = Debug|Any CPU
		{FA81C296-9FA7-4F13-8B23-434E593F1EE7}.Release|Any CPU.ActiveCfg = Release|Any CPU
		{FA81C296-9FA7-4F13-8B23-434E593F1EE7}.Release|Any CPU.Build.0 = Release|Any CPU
	EndGlobalSection
	GlobalSection(SolutionProperties) = preSolution
		HideSolutionNode = FALSE
	EndGlobalSection
	GlobalSection(ExtensibilityGlobals) = postSolution
		SolutionGuid = {195ED943-BAFD-4370-A3F1-36144D685AF7}
	EndGlobalSection
EndGlobal
